
Microsoft Visual Studio Solution File, Format Version 12.00
# Visual Studio 15
VisualStudioVersion = 15.0.28307.1525
MinimumVisualStudioVersion = 10.0.40219.1
Project("{FAE04EC0-301F-11D3-BF4B-00C04F79EFBC}") = "ConsoleApp21", "ConsoleApp21\ConsoleApp21.csproj", "{B9F14D86-A34A-44F8-A471-61CD7A3D1AF4}"
EndProject
Global
	GlobalSection(SolutionConfigurationPlatforms) = preSolution
		Debug|Any CPU = Debug|Any CPU
		Release|Any CPU = Release|Any CPU
	EndGlobalSection
	GlobalSection(ProjectConfigurationPlatforms) = postSolution
		{B9F14D86-A34A-44F8-A471-61CD7A3D1AF4}.Debug|Any CPU.ActiveCfg = Debug|Any CPU
		{B9F14D86-A34A-44F8-A471-61CD7A3D1AF4}.Debug|Any CPU.Build.0 = Debug|Any CPU
		{B9F14D86-A34A-44F8-A471-61CD7A3D1AF4}.Release|Any CPU.ActiveCfg = Release|Any CPU
		{B9F14D86-A34A-44F8-A471-61CD7A3D1AF4}.Release|Any CPU.Build.0 = Release|Any CPU
	EndGlobalSection
	GlobalSection(SolutionProperties) = preSolution
		HideSolutionNode = FALSE
	EndGlobalSection
	GlobalSection(ExtensibilityGlobals) = postSolution
		SolutionGuid = {95E8CA7F-27D2-44CF-A69A-F48A2F931717}
	EndGlobalSection
EndGlobal
